
Microsoft Visual Studio Solution File, Format Version 12.00
# Visual Studio Version 16
VisualStudioVersion = 16.0.29613.14
MinimumVisualStudioVersion = 10.0.40219.1
Project("{9A19103F-16F7-4668-BE54-9A1E7A4F7556}") = "ClaimsReserving", "ClaimsReserving\ClaimsReserving.csproj", "{712423C8-0C43-46E9-B8A8-59F230339B88}"
EndProject
Project("{9A19103F-16F7-4668-BE54-9A1E7A4F7556}") = "ClaimsReserving.Tests", "ClaimsReserving.Tests\ClaimsReserving.Tests.csproj", "{0C1D207C-B055-4CC8-AFD9-160DFDBA46B4}"
EndProject
Project("{FAE04EC0-301F-11D3-BF4B-00C04F79EFBC}") = "ClaimsReserving.IntegrationTests", "ClaimsReserving.IntegrationTests\ClaimsReserving.IntegrationTests.csproj", "{E9CA5430-DD93-4710-9019-C9C8617797A4}"
EndProject
Global
	GlobalSection(SolutionConfigurationPlatforms) = preSolution
		Debug|Any CPU = Debug|Any CPU
		Release|Any CPU = Release|Any CPU
	EndGlobalSection
	GlobalSection(ProjectConfigurationPlatforms) = postSolution
		{712423C8-0C43-46E9-B8A8-59F230339B88}.Debug|Any CPU.ActiveCfg = Debug|Any CPU
		{712423C8-0C43-46E9-B8A8-59F230339B88}.Debug|Any CPU.Build.0 = Debug|Any CPU
		{712423C8-0C43-46E9-B8A8-59F230339B88}.Release|Any CPU.ActiveCfg = Release|Any CPU
		{712423C8-0C43-46E9-B8A8-59F230339B88}.Release|Any CPU.Build.0 = Release|Any CPU
		{0C1D207C-B055-4CC8-AFD9-160DFDBA46B4}.Debug|Any CPU.ActiveCfg = Debug|Any CPU
		{0C1D207C-B055-4CC8-AFD9-160DFDBA46B4}.Debug|Any CPU.Build.0 = Debug|Any CPU
		{0C1D207C-B055-4CC8-AFD9-160DFDBA46B4}.Release|Any CPU.ActiveCfg = Release|Any CPU
		{0C1D207C-B055-4CC8-AFD9-160DFDBA46B4}.Release|Any CPU.Build.0 = Release|Any CPU
		{E9CA5430-DD93-4710-9019-C9C8617797A4}.Debug|Any CPU.ActiveCfg = Debug|Any CPU
		{E9CA5430-DD93-4710-9019-C9C8617797A4}.Debug|Any CPU.Build.0 = Debug|Any CPU
		{E9CA5430-DD93-4710-9019-C9C8617797A4}.Release|Any CPU.ActiveCfg = Release|Any CPU
		{E9CA5430-DD93-4710-9019-C9C8617797A4}.Release|Any CPU.Build.0 = Release|Any CPU
	EndGlobalSection
	GlobalSection(SolutionProperties) = preSolution
		HideSolutionNode = FALSE
	EndGlobalSection
	GlobalSection(ExtensibilityGlobals) = postSolution
		SolutionGuid = {AA205076-A1E5-4C1B-B489-42CD5A44F927}
	EndGlobalSection
EndGlobal
